
Microsoft Visual Studio Solution File, Format Version 12.00
# Visual Studio 2012
Project("{8BC9CEB8-8B4A-11D0-8D11-00A0C91BC942}") = "Specialization", "Demo.vcxproj", "{A8558EBB-4543-4B39-A692-5DE0712D4730}"
EndProject
Global
	GlobalSection(SolutionConfigurationPlatforms) = preSolution
		Debug|Win32 = Debug|Win32
		Release|Win32 = Release|Win32
	EndGlobalSection
	GlobalSection(ProjectConfigurationPlatforms) = postSolution
		{A8558EBB-4543-4B39-A692-5DE0712D4730}.Debug|Win32.ActiveCfg = Debug|Win32
		{A8558EBB-4543-4B39-A692-5DE0712D4730}.Debug|Win32.Build.0 = Debug|Win32
		{A8558EBB-4543-4B39-A692-5DE0712D4730}.Release|Win32.ActiveCfg = Release|Win32
		{A8558EBB-4543-4B39-A692-5DE0712D4730}.Release|Win32.Build.0 = Release|Win32
	EndGlobalSection
	GlobalSection(SolutionProperties) = preSolution
		HideSolutionNode = FALSE
	EndGlobalSection
EndGlobal
